{
  "name": "@potentii/browser-utils",
  "version": "1.0.0",
  "lockfileVersion": 2,
  "requires": true,
  "packages": {
    "": {
      "name": "@potentii/browser-utils",
      "version": "1.0.0",
      "license": "MIT",
      "dependencies": {
        "@potentii/geometry-utils": "1.0.0"
      }
    },
    "node_modules/@potentii/geometry-utils": {
      "version": "1.0.0",
      "resolved": "https://registry.npmjs.org/@potentii/geometry-utils/-/geometry-utils-1.0.0.tgz",
      "integrity": "sha512-t389CdjiBtTUsMYCG/jA9yMZgg6Hru7wPnYNGfoJoprjiVmjODcNFA/nGwBgEESt5opA0BN0hWUmKbKfh1ptJg==",
      "dependencies": {
        "@potentii/math-utils": "1.0.1"
      }
    },
    "node_modules/@potentii/math-utils": {
      "version": "1.0.1",
      "resolved": "https://registry.npmjs.org/@potentii/math-utils/-/math-utils-1.0.1.tgz",
      "integrity": "sha512-zZfgDU4xQENBV4jDoch/vwozPJEjm/mlHew3cpKKfG6klp7iMdaPxsCFjpjLg7lR9wxPdnxN694bwhlj09nsBg=="
    }
  },
  "dependencies": {
    "@potentii/geometry-utils": {
      "version": "1.0.0",
      "resolved": "https://registry.npmjs.org/@potentii/geometry-utils/-/geometry-utils-1.0.0.tgz",
      "integrity": "sha512-t389CdjiBtTUsMYCG/jA9yMZgg6Hru7wPnYNGfoJoprjiVmjODcNFA/nGwBgEESt5opA0BN0hWUmKbKfh1ptJg==",
      "requires": {
        "@potentii/math-utils": "1.0.1"
      }
    },
    "@potentii/math-utils": {
      "version": "1.0.1",
      "resolved": "https://registry.npmjs.org/@potentii/math-utils/-/math-utils-1.0.1.tgz",
      "integrity": "sha512-zZfgDU4xQENBV4jDoch/vwozPJEjm/mlHew3cpKKfG6klp7iMdaPxsCFjpjLg7lR9wxPdnxN694bwhlj09nsBg=="
    }
  }
}
